{
    "_meta": {
        "hash": {
            "sha256": "ceac145555c019f612c06aca2e7a3b417f01940d8df23e758522624cf4da3dda"
        },
        "pipfile-spec": 6,
        "requires": {
            "python_version": "3.12"
        },
        "sources": [
            {
                "name": "pypi",
                "url": "https://pypi.org/simple",
                "verify_ssl": true
            }
        ]
    },
    "default": {
        "structlog": {
            "hashes": [
                "sha256:0fecea2e345d5d491b72f3db2e5fcd6393abfc8cd06a4851f21fcd4d1a99f437",
                "sha256:d9f9776944207d1035b8b26072b9b140c63702fd7aa57c2f85d28ab701bd8e92"
            ],
            "index": "pypi",
            "markers": "python_version >= '3.8'",
            "version": "==25.2.0"
        }
    },
    "develop": {}
}
